{
    "_meta": {
        "hash": {
            "sha256": "947281e58c2c8689da0dfa93d6c639092899f53b3b323a7600a86570a1545e15"
        },
        "pipfile-spec": 6,
        "requires": {
            "python_version": "3.10"
        },
        "sources": [
            {
                "name": "pypi",
                "url": "https://pypi.org/simple",
                "verify_ssl": true
            }
        ]
    },
    "default": {
        "fire": {
            "hashes": [
                "sha256:961550f07936eaf65ad1dc8360f2b2bf8408fad46abbfa4d2a3794f8d2a95cdf"
            ],
            "index": "pypi",
            "version": "==0.7.0"
        },
        "termcolor": {
            "hashes": [
                "sha256:37b17b5fc1e604945c2642c872a3764b5d547a48009871aea3edd3afa180afb8",
                "sha256:998d8d27da6d48442e8e1f016119076b690d962507531df4890fcd2db2ef8a6f"
            ],
            "markers": "python_version >= '3.9'",
            "version": "==2.5.0"
        }
    },
    "develop": {}
}
